
Microsoft Visual Studio Solution File, Format Version 12.00
# Visual Studio Version 16
VisualStudioVersion = 16.0.30309.148
MinimumVisualStudioVersion = 10.0.40219.1
Project("{FAE04EC0-301F-11D3-BF4B-00C04F79EFBC}") = "Web", "Web\Web.csproj", "{B21D265E-4A3F-45A7-B7DF-3BB5EFFB9F35}"
EndProject
Global
	GlobalSection(SolutionConfigurationPlatforms) = preSolution
		Debug|Any CPU = Debug|Any CPU
		Release|Any CPU = Release|Any CPU
	EndGlobalSection
	GlobalSection(ProjectConfigurationPlatforms) = postSolution
		{B21D265E-4A3F-45A7-B7DF-3BB5EFFB9F35}.Debug|Any CPU.ActiveCfg = Debug|Any CPU
		{B21D265E-4A3F-45A7-B7DF-3BB5EFFB9F35}.Debug|Any CPU.Build.0 = Debug|Any CPU
		{B21D265E-4A3F-45A7-B7DF-3BB5EFFB9F35}.Release|Any CPU.ActiveCfg = Release|Any CPU
		{B21D265E-4A3F-45A7-B7DF-3BB5EFFB9F35}.Release|Any CPU.Build.0 = Release|Any CPU
	EndGlobalSection
	GlobalSection(SolutionProperties) = preSolution
		HideSolutionNode = FALSE
	EndGlobalSection
	GlobalSection(ExtensibilityGlobals) = postSolution
		SolutionGuid = {6A35C1AE-A35F-4375-AC2A-5296C29B5BF3}
	EndGlobalSection
EndGlobal
